// !$*UTF8*$!
{
	archiveVersion = 1;
	classes = {
	};
	objectVersion = 55;
	objects = {

/* Begin PBXBuildFile section */
		456C0EEE26748832000FD073 /* SCP_MobileApp.swift in Sources */ = {isa = PBXBuildFile; fileRef = 456C0EED26748832000FD073 /* SCP_MobileApp.swift */; };
		456C0EF026748832000FD073 /* ContentView.swift in Sources */ = {isa = PBXBuildFile; fileRef = 456C0EEF26748832000FD073 /* ContentView.swift */; };
		456C0EF226748834000FD073 /* Assets.xcassets in Resources */ = {isa = PBXBuildFile; fileRef = 456C0EF126748834000FD073 /* Assets.xcassets */; };
		456C0EF526748834000FD073 /* Preview Assets.xcassets in Resources */ = {isa = PBXBuildFile; fileRef = 456C0EF426748834000FD073 /* Preview Assets.xcassets */; };
		456C0EFF26748835000FD073 /* SCP_MobileTests.swift in Sources */ = {isa = PBXBuildFile; fileRef = 456C0EFE26748835000FD073 /* SCP_MobileTests.swift */; };
		456C0F0926748835000FD073 /* SCP_MobileUITests.swift in Sources */ = {isa = PBXBuildFile; fileRef = 456C0F0826748835000FD073 /* SCP_MobileUITests.swift */; };
/* End PBXBuildFile section */

/* Begin PBXContainerItemProxy section */
		456C0EFB26748835000FD073 /* PBXContainerItemProxy */ = {
			isa = PBXContainerItemProxy;
			containerPortal = 456C0EE226748832000FD073 /* Project object */;
			proxyType = 1;
			remoteGlobalIDString = 456C0EE926748832000FD073;
			remoteInfo = "SCP Mobile";
		};
		456C0F0526748835000FD073 /* PBXContainerItemProxy */ = {
			isa = PBXContainerItemProxy;
			containerPortal = 456C0EE226748832000FD073 /* Project object */;
			proxyType = 1;
			remoteGlobalIDString = 456C0EE926748832000FD073;
			remoteInfo = "SCP Mobile";
		};
/* End PBXContainerItemProxy section */

/* Begin PBXFileReference section */
		456C0EEA26748832000FD073 /* SCP Mobile.app */ = {isa = PBXFileReference; explicitFileType = wrapper.application; includeInIndex = 0; path = "SCP Mobile.app"; sourceTree = BUILT_PRODUCTS_DIR; };
		456C0EED26748832000FD073 /* SCP_MobileApp.swift */ = {isa = PBXFileReference; lastKnownFileType = sourcecode.swift; path = SCP_MobileApp.swift; sourceTree = "<group>"; };
		456C0EEF26748832000FD073 /* ContentView.swift */ = {isa = PBXFileReference; lastKnownFileType = sourcecode.swift; path = ContentView.swift; sourceTree = "<group>"; };
		456C0EF126748834000FD073 /* Assets.xcassets */ = {isa = PBXFileReference; lastKnownFileType = folder.assetcatalog; path = Assets.xcassets; sourceTree = "<group>"; };
		456C0EF426748834000FD073 /* Preview Assets.xcassets */ = {isa = PBXFileReference; lastKnownFileType = folder.assetcatalog; path = "Preview Assets.xcassets"; sourceTree = "<group>"; };
		456C0EFA26748835000FD073 /* SCP MobileTests.xctest */ = {isa = PBXFileReference; explicitFileType = wrapper.cfbundle; includeInIndex = 0; path = "SCP MobileTests.xctest"; sourceTree = BUILT_PRODUCTS_DIR; };
		456C0EFE26748835000FD073 /* SCP_MobileTests.swift */ = {isa = PBXFileReference; lastKnownFileType = sourcecode.swift; path = SCP_MobileTests.swift; sourceTree = "<group>"; };
		456C0F0426748835000FD073 /* SCP MobileUITests.xctest */ = {isa = PBXFileReference; explicitFileType = wrapper.cfbundle; includeInIndex = 0; path = "SCP MobileUITests.xctest"; sourceTree = BUILT_PRODUCTS_DIR; };
		456C0F0826748835000FD073 /* SCP_MobileUITests.swift */ = {isa = PBXFileReference; lastKnownFileType = sourcecode.swift; path = SCP_MobileUITests.swift; sourceTree = "<group>"; };
/* End PBXFileReference section */

/* Begin PBXFrameworksBuildPhase section */
		456C0EE726748832000FD073 /* Frameworks */ = {
			isa = PBXFrameworksBuildPhase;
			buildActionMask = 2147483647;
			files = (
			);
			runOnlyForDeploymentPostprocessing = 0;
		};
		456C0EF726748835000FD073 /* Frameworks */ = {
			isa = PBXFrameworksBuildPhase;
			buildActionMask = 2147483647;
			files = (
			);
			runOnlyForDeploymentPostprocessing = 0;
		};
		456C0F0126748835000FD073 /* Frameworks */ = {
			isa = PBXFrameworksBuildPhase;
			buildActionMask = 2147483647;
			files = (
			);
			runOnlyForDeploymentPostprocessing = 0;
		};
/* End PBXFrameworksBuildPhase section */

/* Begin PBXGroup section */
		456C0EE126748832000FD073 = {
			isa = PBXGroup;
			children = (
				456C0EEC26748832000FD073 /* SCP Mobile */,
				456C0EFD26748835000FD073 /* SCP MobileTests */,
				456C0F0726748835000FD073 /* SCP MobileUITests */,
				456C0EEB26748832000FD073 /* Products */,
			);
			sourceTree = "<group>";
		};
		456C0EEB26748832000FD073 /* Products */ = {
			isa = PBXGroup;
			children = (
				456C0EEA26748832000FD073 /* SCP Mobile.app */,
				456C0EFA26748835000FD073 /* SCP MobileTests.xctest */,
				456C0F0426748835000FD073 /* SCP MobileUITests.xctest */,
			);
			name = Products;
			sourceTree = "<group>";
		};
		456C0EEC26748832000FD073 /* SCP Mobile */ = {
			isa = PBXGroup;
			children = (
				456C0EED26748832000FD073 /* SCP_MobileApp.swift */,
				456C0EEF26748832000FD073 /* ContentView.swift */,
				456C0EF126748834000FD073 /* Assets.xcassets */,
				456C0EF326748834000FD073 /* Preview Content */,
			);
			path = "SCP Mobile";
			sourceTree = "<group>";
		};
		456C0EF326748834000FD073 /* Preview Content */ = {
			isa = PBXGroup;
			children = (
				456C0EF426748834000FD073 /* Preview Assets.xcassets */,
			);
			path = "Preview Content";
			sourceTree = "<group>";
		};
		456C0EFD26748835000FD073 /* SCP MobileTests */ = {
			isa = PBXGroup;
			children = (
				456C0EFE26748835000FD073 /* SCP_MobileTests.swift */,
			);
			path = "SCP MobileTests";
			sourceTree = "<group>";
		};
		456C0F0726748835000FD073 /* SCP MobileUITests */ = {
			isa = PBXGroup;
			children = (
				456C0F0826748835000FD073 /* SCP_MobileUITests.swift */,
			);
			path = "SCP MobileUITests";
			sourceTree = "<group>";
		};
/* End PBXGroup section */

/* Begin PBXNativeTarget section */
		456C0EE926748832000FD073 /* SCP Mobile */ = {
			isa = PBXNativeTarget;
			buildConfigurationList = 456C0F0C26748835000FD073 /* Build configuration list for PBXNativeTarget "SCP Mobile" */;
			buildPhases = (
				456C0EE626748832000FD073 /* Sources */,
				456C0EE726748832000FD073 /* Frameworks */,
				456C0EE826748832000FD073 /* Resources */,
			);
			buildRules = (
			);
			dependencies = (
			);
			name = "SCP Mobile";
			productName = "SCP Mobile";
			productReference = 456C0EEA26748832000FD073 /* SCP Mobile.app */;
			productType = "com.apple.product-type.application";
		};
		456C0EF926748835000FD073 /* SCP MobileTests */ = {
			isa = PBXNativeTarget;
			buildConfigurationList = 456C0F0F26748835000FD073 /* Build configuration list for PBXNativeTarget "SCP MobileTests" */;
			buildPhases = (
				456C0EF626748835000FD073 /* Sources */,
				456C0EF726748835000FD073 /* Frameworks */,
				456C0EF826748835000FD073 /* Resources */,
			);
			buildRules = (
			);
			dependencies = (
				456C0EFC26748835000FD073 /* PBXTargetDependency */,
			);
			name = "SCP MobileTests";
			productName = "SCP MobileTests";
			productReference = 456C0EFA26748835000FD073 /* SCP MobileTests.xctest */;
			productType = "com.apple.product-type.bundle.unit-test";
		};
		456C0F0326748835000FD073 /* SCP MobileUITests */ = {
			isa = PBXNativeTarget;
			buildConfigurationList = 456C0F1226748835000FD073 /* Build configuration list for PBXNativeTarget "SCP MobileUITests" */;
			buildPhases = (
				456C0F0026748835000FD073 /* Sources */,
				456C0F0126748835000FD073 /* Frameworks */,
				456C0F0226748835000FD073 /* Resources */,
			);
			buildRules = (
			);
			dependencies = (
				456C0F0626748835000FD073 /* PBXTargetDependency */,
			);
			name = "SCP MobileUITests";
			productName = "SCP MobileUITests";
			productReference = 456C0F0426748835000FD073 /* SCP MobileUITests.xctest */;
			productType = "com.apple.product-type.bundle.ui-testing";
		};
/* End PBXNativeTarget section */

/* Begin PBXProject section */
		456C0EE226748832000FD073 /* Project object */ = {
			isa = PBXProject;
			attributes = {
				BuildIndependentTargetsInParallel = 1;
				LastSwiftUpdateCheck = 1300;
				LastUpgradeCheck = 1300;
				TargetAttributes = {
					456C0EE926748832000FD073 = {
						CreatedOnToolsVersion = 13.0;
					};
					456C0EF926748835000FD073 = {
						CreatedOnToolsVersion = 13.0;
						TestTargetID = 456C0EE926748832000FD073;
					};
					456C0F0326748835000FD073 = {
						CreatedOnToolsVersion = 13.0;
						TestTargetID = 456C0EE926748832000FD073;
					};
				};
			};
			buildConfigurationList = 456C0EE526748832000FD073 /* Build configuration list for PBXProject "SCP Mobile" */;
			compatibilityVersion = "Xcode 13.0";
			developmentRegion = en;
			hasScannedForEncodings = 0;
			knownRegions = (
				en,
				Base,
			);
			mainGroup = 456C0EE126748832000FD073;
			productRefGroup = 456C0EEB26748832000FD073 /* Products */;
			projectDirPath = "";
			projectRoot = "";
			targets = (
				456C0EE926748832000FD073 /* SCP Mobile */,
				456C0EF926748835000FD073 /* SCP MobileTests */,
				456C0F0326748835000FD073 /* SCP MobileUITests */,
			);
		};
/* End PBXProject section */

/* Begin PBXResourcesBuildPhase section */
		456C0EE826748832000FD073 /* Resources */ = {
			isa = PBXResourcesBuildPhase;
			buildActionMask = 2147483647;
			files = (
				456C0EF526748834000FD073 /* Preview Assets.xcassets in Resources */,
				456C0EF226748834000FD073 /* Assets.xcassets in Resources */,
			);
			runOnlyForDeploymentPostprocessing = 0;
		};
		456C0EF826748835000FD073 /* Resources */ = {
			isa = PBXResourcesBuildPhase;
			buildActionMask = 2147483647;
			files = (
			);
			runOnlyForDeploymentPostprocessing = 0;
		};
		456C0F0226748835000FD073 /* Resources */ = {
			isa = PBXResourcesBuildPhase;
			buildActionMask = 2147483647;
			files = (
			);
			runOnlyForDeploymentPostprocessing = 0;
		};
/* End PBXResourcesBuildPhase section */

/* Begin PBXSourcesBuildPhase section */
		456C0EE626748832000FD073 /* Sources */ = {
			isa = PBXSourcesBuildPhase;
			buildActionMask = 2147483647;
			files = (
				456C0EF026748832000FD073 /* ContentView.swift in Sources */,
				456C0EEE26748832000FD073 /* SCP_MobileApp.swift in Sources */,
			);
			runOnlyForDeploymentPostprocessing = 0;
		};
		456C0EF626748835000FD073 /* Sources */ = {
			isa = PBXSourcesBuildPhase;
			buildActionMask = 2147483647;
			files = (
				456C0EFF26748835000FD073 /* SCP_MobileTests.swift in Sources */,
			);
			runOnlyForDeploymentPostprocessing = 0;
		};
		456C0F0026748835000FD073 /* Sources */ = {
			isa = PBXSourcesBuildPhase;
			buildActionMask = 2147483647;
			files = (
				456C0F0926748835000FD073 /* SCP_MobileUITests.swift in Sources */,
			);
			runOnlyForDeploymentPostprocessing = 0;
		};
/* End PBXSourcesBuildPhase section */

/* Begin PBXTargetDependency section */
		456C0EFC26748835000FD073 /* PBXTargetDependency */ = {
			isa = PBXTargetDependency;
			target = 456C0EE926748832000FD073 /* SCP Mobile */;
			targetProxy = 456C0EFB26748835000FD073 /* PBXContainerItemProxy */;
		};
		456C0F0626748835000FD073 /* PBXTargetDependency */ = {
			isa = PBXTargetDependency;
			target = 456C0EE926748832000FD073 /* SCP Mobile */;
			targetProxy = 456C0F0526748835000FD073 /* PBXContainerItemProxy */;
		};
/* End PBXTargetDependency section */

/* Begin XCBuildConfiguration section */
		456C0F0A26748835000FD073 /* Debug */ = {
			isa = XCBuildConfiguration;
			buildSettings = {
				ALWAYS_SEARCH_USER_PATHS = NO;
				CLANG_ANALYZER_NONNULL = YES;
				CLANG_ANALYZER_NUMBER_OBJECT_CONVERSION = YES_AGGRESSIVE;
				CLANG_CXX_LANGUAGE_STANDARD = "gnu++14";
				CLANG_CXX_LIBRARY = "libc++";
				CLANG_ENABLE_MODULES = YES;
				CLANG_ENABLE_OBJC_ARC = YES;
				CLANG_ENABLE_OBJC_WEAK = YES;
				CLANG_WARN_BLOCK_CAPTURE_AUTORELEASING = YES;
				CLANG_WARN_BOOL_CONVERSION = YES;
				CLANG_WARN_COMMA = YES;
				CLANG_WARN_CONSTANT_CONVERSION = YES;
				CLANG_WARN_DEPRECATED_OBJC_IMPLEMENTATIONS = YES;
				CLANG_WARN_DIRECT_OBJC_ISA_USAGE = YES_ERROR;
				CLANG_WARN_DOCUMENTATION_COMMENTS = YES;
				CLANG_WARN_EMPTY_BODY = YES;
				CLANG_WARN_ENUM_CONVERSION = YES;
				CLANG_WARN_INFINITE_RECURSION = YES;
				CLANG_WARN_INT_CONVERSION = YES;
				CLANG_WARN_NON_LITERAL_NULL_CONVERSION = YES;
				CLANG_WARN_OBJC_IMPLICIT_RETAIN_SELF = YES;
				CLANG_WARN_OBJC_LITERAL_CONVERSION = YES;
				CLANG_WARN_OBJC_ROOT_CLASS = YES_ERROR;
				CLANG_WARN_QUOTED_INCLUDE_IN_FRAMEWORK_HEADER = YES;
				CLANG_WARN_RANGE_LOOP_ANALYSIS = YES;
				CLANG_WARN_STRICT_PROTOTYPES = YES;
				CLANG_WARN_SUSPICIOUS_MOVE = YES;
				CLANG_WARN_UNGUARDED_AVAILABILITY = YES_AGGRESSIVE;
				CLANG_WARN_UNREACHABLE_CODE = YES;
				CLANG_WARN__DUPLICATE_METHOD_MATCH = YES;
				COPY_PHASE_STRIP = NO;
				DEBUG_INFORMATION_FORMAT = dwarf;
				ENABLE_STRICT_OBJC_MSGSEND = YES;
				ENABLE_TESTABILITY = YES;
				GCC_C_LANGUAGE_STANDARD = gnu11;
				GCC_DYNAMIC_NO_PIC = NO;
				GCC_NO_COMMON_BLOCKS = YES;
				GCC_OPTIMIZATION_LEVEL = 0;
				GCC_PREPROCESSOR_DEFINITIONS = (
					"DEBUG=1",
					"$(inherited)",
				);
				GCC_WARN_64_TO_32_BIT_CONVERSION = YES;
				GCC_WARN_ABOUT_RETURN_TYPE = YES_ERROR;
				GCC_WARN_UNDECLARED_SELECTOR = YES;
				GCC_WARN_UNINITIALIZED_AUTOS = YES_AGGRESSIVE;
				GCC_WARN_UNUSED_FUNCTION = YES;
				GCC_WARN_UNUSED_VARIABLE = YES;
				IPHONEOS_DEPLOYMENT_TARGET = 15.0;
				MTL_ENABLE_DEBUG_INFO = INCLUDE_SOURCE;
				MTL_FAST_MATH = YES;
				ONLY_ACTIVE_ARCH = YES;
				SDKROOT = iphoneos;
				SWIFT_ACTIVE_COMPILATION_CONDITIONS = DEBUG;
				SWIFT_OPTIMIZATION_LEVEL = "-Onone";
			};
			name = Debug;
		};
		456C0F0B26748835000FD073 /* Release */ = {
			isa = XCBuildConfiguration;
			buildSettings = {
				ALWAYS_SEARCH_USER_PATHS = NO;
				CLANG_ANALYZER_NONNULL = YES;
				CLANG_ANALYZER_NUMBER_OBJECT_CONVERSION = YES_AGGRESSIVE;
				CLANG_CXX_LANGUAGE_STANDARD = "gnu++14";
				CLANG_CXX_LIBRARY = "libc++";
				CLANG_ENABLE_MODULES = YES;
				CLANG_ENABLE_OBJC_ARC = YES;
				CLANG_ENABLE_OBJC_WEAK = YES;
				CLANG_WARN_BLOCK_CAPTURE_AUTORELEASING = YES;
				CLANG_WARN_BOOL_CONVERSION = YES;
				CLANG_WARN_COMMA = YES;
				CLANG_WARN_CONSTANT_CONVERSION = YES;
				CLANG_WARN_DEPRECATED_OBJC_IMPLEMENTATIONS = YES;
				CLANG_WARN_DIRECT_OBJC_ISA_USAGE = YES_ERROR;
				CLANG_WARN_DOCUMENTATION_COMMENTS = YES;
				CLANG_WARN_EMPTY_BODY = YES;
				CLANG_WARN_ENUM_CONVERSION = YES;
				CLANG_WARN_INFINITE_RECURSION = YES;
				CLANG_WARN_INT_CONVERSION = YES;
				CLANG_WARN_NON_LITERAL_NULL_CONVERSION = YES;
				CLANG_WARN_OBJC_IMPLICIT_RETAIN_SELF = YES;
				CLANG_WARN_OBJC_LITERAL_CONVERSION = YES;
				CLANG_WARN_OBJC_ROOT_CLASS = YES_ERROR;
				CLANG_WARN_QUOTED_INCLUDE_IN_FRAMEWORK_HEADER = YES;
				CLANG_WARN_RANGE_LOOP_ANALYSIS = YES;
				CLANG_WARN_STRICT_PROTOTYPES = YES;
				CLANG_WARN_SUSPICIOUS_MOVE = YES;
				CLANG_WARN_UNGUARDED_AVAILABILITY = YES_AGGRESSIVE;
				CLANG_WARN_UNREACHABLE_CODE = YES;
				CLANG_WARN__DUPLICATE_METHOD_MATCH = YES;
				COPY_PHASE_STRIP = NO;
				DEBUG_INFORMATION_FORMAT = "dwarf-with-dsym";
				ENABLE_NS_ASSERTIONS = NO;
				ENABLE_STRICT_OBJC_MSGSEND = YES;
				GCC_C_LANGUAGE_STANDARD = gnu11;
				GCC_NO_COMMON_BLOCKS = YES;
				GCC_WARN_64_TO_32_BIT_CONVERSION = YES;
				GCC_WARN_ABOUT_RETURN_TYPE = YES_ERROR;
				GCC_WARN_UNDECLARED_SELECTOR = YES;
				GCC_WARN_UNINITIALIZED_AUTOS = YES_AGGRESSIVE;
				GCC_WARN_UNUSED_FUNCTION = YES;
				GCC_WARN_UNUSED_VARIABLE = YES;
				IPHONEOS_DEPLOYMENT_TARGET = 15.0;
				MTL_ENABLE_DEBUG_INFO = NO;
				MTL_FAST_MATH = YES;
				SDKROOT = iphoneos;
				SWIFT_COMPILATION_MODE = wholemodule;
				SWIFT_OPTIMIZATION_LEVEL = "-O";
				VALIDATE_PRODUCT = YES;
			};
			name = Release;
		};
		456C0F0D26748835000FD073 /* Debug */ = {
			isa = XCBuildConfiguration;
			buildSettings = {
				ASSETCATALOG_COMPILER_APPICON_NAME = AppIcon;
				ASSETCATALOG_COMPILER_GLOBAL_ACCENT_COLOR_NAME = AccentColor;
				CODE_SIGN_STYLE = Automatic;
				CURRENT_PROJECT_VERSION = 1;
				DEVELOPMENT_ASSET_PATHS = "\"SCP Mobile/Preview Content\"";
				DEVELOPMENT_TEAM = PVQR86M84Z;
				ENABLE_PREVIEWS = YES;
				GENERATE_INFOPLIST_FILE = YES;
				INFOPLIST_KEY_UIApplicationSceneManifest_Generation = YES;
				INFOPLIST_KEY_UIApplicationSupportsIndirectInputEvents = YES;
				INFOPLIST_KEY_UILaunchScreen_Generation = YES;
				INFOPLIST_KEY_UISupportedInterfaceOrientations_iPad = "UIInterfaceOrientationPortrait UIInterfaceOrientationPortraitUpsideDown UIInterfaceOrientationLandscapeLeft UIInterfaceOrientationLandscapeRight";
				INFOPLIST_KEY_UISupportedInterfaceOrientations_iPhone = "UIInterfaceOrientationPortrait UIInterfaceOrientationLandscapeLeft UIInterfaceOrientationLandscapeRight";
				IPHONEOS_DEPLOYMENT_TARGET = 14.0;
				LD_RUNPATH_SEARCH_PATHS = (
					"$(inherited)",
					"@executable_path/Frameworks",
				);
				MARKETING_VERSION = 1.0;
				PRODUCT_BUNDLE_IDENTIFIER = "com.jackmerrill.SCP-Mobile";
				PRODUCT_NAME = "$(TARGET_NAME)";
				SWIFT_EMIT_LOC_STRINGS = YES;
				SWIFT_VERSION = 5.0;
				TARGETED_DEVICE_FAMILY = "1,2";
			};
			name = Debug;
		};
		456C0F0E26748835000FD073 /* Release */ = {
			isa = XCBuildConfiguration;
			buildSettings = {
				ASSETCATALOG_COMPILER_APPICON_NAME = AppIcon;
				ASSETCATALOG_COMPILER_GLOBAL_ACCENT_COLOR_NAME = AccentColor;
				CODE_SIGN_STYLE = Automatic;
				CURRENT_PROJECT_VERSION = 1;
				DEVELOPMENT_ASSET_PATHS = "\"SCP Mobile/Preview Content\"";
				DEVELOPMENT_TEAM = PVQR86M84Z;
				ENABLE_PREVIEWS = YES;
				GENERATE_INFOPLIST_FILE = YES;
				INFOPLIST_KEY_UIApplicationSceneManifest_Generation = YES;
				INFOPLIST_KEY_UIApplicationSupportsIndirectInputEvents = YES;
				INFOPLIST_KEY_UILaunchScreen_Generation = YES;
				INFOPLIST_KEY_UISupportedInterfaceOrientations_iPad = "UIInterfaceOrientationPortrait UIInterfaceOrientationPortraitUpsideDown UIInterfaceOrientationLandscapeLeft UIInterfaceOrientationLandscapeRight";
				INFOPLIST_KEY_UISupportedInterfaceOrientations_iPhone = "UIInterfaceOrientationPortrait UIInterfaceOrientationLandscapeLeft UIInterfaceOrientationLandscapeRight";
				IPHONEOS_DEPLOYMENT_TARGET = 14.0;
				LD_RUNPATH_SEARCH_PATHS = (
					"$(inherited)",
					"@executable_path/Frameworks",
				);
				MARKETING_VERSION = 1.0;
				PRODUCT_BUNDLE_IDENTIFIER = "com.jackmerrill.SCP-Mobile";
				PRODUCT_NAME = "$(TARGET_NAME)";
				SWIFT_EMIT_LOC_STRINGS = YES;
				SWIFT_VERSION = 5.0;
				TARGETED_DEVICE_FAMILY = "1,2";
			};
			name = Release;
		};
		456C0F1026748835000FD073 /* Debug */ = {
			isa = XCBuildConfiguration;
			buildSettings = {
				ALWAYS_EMBED_SWIFT_STANDARD_LIBRARIES = YES;
				BUNDLE_LOADER = "$(TEST_HOST)";
				CODE_SIGN_STYLE = Automatic;
				CURRENT_PROJECT_VERSION = 1;
				DEVELOPMENT_TEAM = PVQR86M84Z;
				GENERATE_INFOPLIST_FILE = YES;
				IPHONEOS_DEPLOYMENT_TARGET = 14.0;
				LD_RUNPATH_SEARCH_PATHS = (
					"$(inherited)",
					"@executable_path/Frameworks",
					"@loader_path/Frameworks",
				);
				MARKETING_VERSION = 1.0;
				PRODUCT_BUNDLE_IDENTIFIER = "com.jackmerrill.SCP-MobileTests";
				PRODUCT_NAME = "$(TARGET_NAME)";
				SWIFT_EMIT_LOC_STRINGS = NO;
				SWIFT_VERSION = 5.0;
				TARGETED_DEVICE_FAMILY = "1,2";
				TEST_HOST = "$(BUILT_PRODUCTS_DIR)/SCP Mobile.app/SCP Mobile";
			};
			name = Debug;
		};
		456C0F1126748835000FD073 /* Release */ = {
			isa = XCBuildConfiguration;
			buildSettings = {
				ALWAYS_EMBED_SWIFT_STANDARD_LIBRARIES = YES;
				BUNDLE_LOADER = "$(TEST_HOST)";
				CODE_SIGN_STYLE = Automatic;
				CURRENT_PROJECT_VERSION = 1;
				DEVELOPMENT_TEAM = PVQR86M84Z;
				GENERATE_INFOPLIST_FILE = YES;
				IPHONEOS_DEPLOYMENT_TARGET = 14.0;
				LD_RUNPATH_SEARCH_PATHS = (
					"$(inherited)",
					"@executable_path/Frameworks",
					"@loader_path/Frameworks",
				);
				MARKETING_VERSION = 1.0;
				PRODUCT_BUNDLE_IDENTIFIER = "com.jackmerrill.SCP-MobileTests";
				PRODUCT_NAME = "$(TARGET_NAME)";
				SWIFT_EMIT_LOC_STRINGS = NO;
				SWIFT_VERSION = 5.0;
				TARGETED_DEVICE_FAMILY = "1,2";
				TEST_HOST = "$(BUILT_PRODUCTS_DIR)/SCP Mobile.app/SCP Mobile";
			};
			name = Release;
		};
		456C0F1326748835000FD073 /* Debug */ = {
			isa = XCBuildConfiguration;
			buildSettings = {
				ALWAYS_EMBED_SWIFT_STANDARD_LIBRARIES = YES;
				CODE_SIGN_STYLE = Automatic;
				CURRENT_PROJECT_VERSION = 1;
				DEVELOPMENT_TEAM = PVQR86M84Z;
				GENERATE_INFOPLIST_FILE = YES;
				LD_RUNPATH_SEARCH_PATHS = (
					"$(inherited)",
					"@executable_path/Frameworks",
					"@loader_path/Frameworks",
				);
				MARKETING_VERSION = 1.0;
				PRODUCT_BUNDLE_IDENTIFIER = "com.jackmerrill.SCP-MobileUITests";
				PRODUCT_NAME = "$(TARGET_NAME)";
				SWIFT_EMIT_LOC_STRINGS = NO;
				SWIFT_VERSION = 5.0;
				TARGETED_DEVICE_FAMILY = "1,2";
				TEST_TARGET_NAME = "SCP Mobile";
			};
			name = Debug;
		};
		456C0F1426748835000FD073 /* Release */ = {
			isa = XCBuildConfiguration;
			buildSettings = {
				ALWAYS_EMBED_SWIFT_STANDARD_LIBRARIES = YES;
				CODE_SIGN_STYLE = Automatic;
				CURRENT_PROJECT_VERSION = 1;
				DEVELOPMENT_TEAM = PVQR86M84Z;
				GENERATE_INFOPLIST_FILE = YES;
				LD_RUNPATH_SEARCH_PATHS = (
					"$(inherited)",
					"@executable_path/Frameworks",
					"@loader_path/Frameworks",
				);
				MARKETING_VERSION = 1.0;
				PRODUCT_BUNDLE_IDENTIFIER = "com.jackmerrill.SCP-MobileUITests";
				PRODUCT_NAME = "$(TARGET_NAME)";
				SWIFT_EMIT_LOC_STRINGS = NO;
				SWIFT_VERSION = 5.0;
				TARGETED_DEVICE_FAMILY = "1,2";
				TEST_TARGET_NAME = "SCP Mobile";
			};
			name = Release;
		};
/* End XCBuildConfiguration section */

/* Begin XCConfigurationList section */
		456C0EE526748832000FD073 /* Build configuration list for PBXProject "SCP Mobile" */ = {
			isa = XCConfigurationList;
			buildConfigurations = (
				456C0F0A26748835000FD073 /* Debug */,
				456C0F0B26748835000FD073 /* Release */,
			);
			defaultConfigurationIsVisible = 0;
			defaultConfigurationName = Release;
		};
		456C0F0C26748835000FD073 /* Build configuration list for PBXNativeTarget "SCP Mobile" */ = {
			isa = XCConfigurationList;
			buildConfigurations = (
				456C0F0D26748835000FD073 /* Debug */,
				456C0F0E26748835000FD073 /* Release */,
			);
			defaultConfigurationIsVisible = 0;
			defaultConfigurationName = Release;
		};
		456C0F0F26748835000FD073 /* Build configuration list for PBXNativeTarget "SCP MobileTests" */ = {
			isa = XCConfigurationList;
			buildConfigurations = (
				456C0F1026748835000FD073 /* Debug */,
				456C0F1126748835000FD073 /* Release */,
			);
			defaultConfigurationIsVisible = 0;
			defaultConfigurationName = Release;
		};
		456C0F1226748835000FD073 /* Build configuration list for PBXNativeTarget "SCP MobileUITests" */ = {
			isa = XCConfigurationList;
			buildConfigurations = (
				456C0F1326748835000FD073 /* Debug */,
				456C0F1426748835000FD073 /* Release */,
			);
			defaultConfigurationIsVisible = 0;
			defaultConfigurationName = Release;
		};
/* End XCConfigurationList section */
	};
	rootObject = 456C0EE226748832000FD073 /* Project object */;
}
